// !$*UTF8*$!
{
	archiveVersion = 1;
	classes = {
	};
	objectVersion = 55;
	objects = {

/* Begin PBXBuildFile section */
		CC39239127660FF800A086D3 /* AppDelegate.swift in Sources */ = {isa = PBXBuildFile; fileRef = CC39239027660FF800A086D3 /* AppDelegate.swift */; };
		CC39239327660FF800A086D3 /* SceneDelegate.swift in Sources */ = {isa = PBXBuildFile; fileRef = CC39239227660FF800A086D3 /* SceneDelegate.swift */; };
		CC39239827660FF800A086D3 /* Main.storyboard in Resources */ = {isa = PBXBuildFile; fileRef = CC39239627660FF800A086D3 /* Main.storyboard */; };
		CC39239A27660FFA00A086D3 /* Assets.xcassets in Resources */ = {isa = PBXBuildFile; fileRef = CC39239927660FFA00A086D3 /* Assets.xcassets */; };
		CC39239D27660FFA00A086D3 /* LaunchScreen.storyboard in Resources */ = {isa = PBXBuildFile; fileRef = CC39239B27660FFA00A086D3 /* LaunchScreen.storyboard */; };
		CC3923A827660FFA00A086D3 /* BucketListTests.swift in Sources */ = {isa = PBXBuildFile; fileRef = CC3923A727660FFA00A086D3 /* BucketListTests.swift */; };
		CC3923B227660FFA00A086D3 /* BucketListUITests.swift in Sources */ = {isa = PBXBuildFile; fileRef = CC3923B127660FFA00A086D3 /* BucketListUITests.swift */; };
		CC3923B427660FFA00A086D3 /* BucketListUITestsLaunchTests.swift in Sources */ = {isa = PBXBuildFile; fileRef = CC3923B327660FFA00A086D3 /* BucketListUITestsLaunchTests.swift */; };
		CC3923C1276610E200A086D3 /* BucketListTableViewController.swift in Sources */ = {isa = PBXBuildFile; fileRef = CC3923C0276610E200A086D3 /* BucketListTableViewController.swift */; };
		CC3923C427661A4F00A086D3 /* AddItemTableViewController.swift in Sources */ = {isa = PBXBuildFile; fileRef = CC3923C327661A4F00A086D3 /* AddItemTableViewController.swift */; };
		CC3923C92767237600A086D3 /* AddItemTableViewControllerDelegate.swift in Sources */ = {isa = PBXBuildFile; fileRef = CC3923C82767237600A086D3 /* AddItemTableViewControllerDelegate.swift */; };
		CC3923CB27675DE300A086D3 /* SegueIdentifiers.swift in Sources */ = {isa = PBXBuildFile; fileRef = CC3923CA27675DE300A086D3 /* SegueIdentifiers.swift */; };
		CC392464276895E800A086D3 /* BucketList.xcdatamodeld in Sources */ = {isa = PBXBuildFile; fileRef = CC392462276895E800A086D3 /* BucketList.xcdatamodeld */; };
		CC3924672768964300A086D3 /* BucketListItems+CoreDataClass.swift in Sources */ = {isa = PBXBuildFile; fileRef = CC3924652768964300A086D3 /* BucketListItems+CoreDataClass.swift */; };
		CC3924682768964300A086D3 /* BucketListItems+CoreDataProperties.swift in Sources */ = {isa = PBXBuildFile; fileRef = CC3924662768964300A086D3 /* BucketListItems+CoreDataProperties.swift */; };
/* End PBXBuildFile section */

/* Begin PBXContainerItemProxy section */
		CC3923A427660FFA00A086D3 /* PBXContainerItemProxy */ = {
			isa = PBXContainerItemProxy;
			containerPortal = CC39238527660FF800A086D3 /* Project object */;
			proxyType = 1;
			remoteGlobalIDString = CC39238C27660FF800A086D3;
			remoteInfo = BucketList;
		};
		CC3923AE27660FFA00A086D3 /* PBXContainerItemProxy */ = {
			isa = PBXContainerItemProxy;
			containerPortal = CC39238527660FF800A086D3 /* Project object */;
			proxyType = 1;
			remoteGlobalIDString = CC39238C27660FF800A086D3;
			remoteInfo = BucketList;
		};
/* End PBXContainerItemProxy section */

/* Begin PBXFileReference section */
		CC39238D27660FF800A086D3 /* BucketList.app */ = {isa = PBXFileReference; explicitFileType = wrapper.application; includeInIndex = 0; path = BucketList.app; sourceTree = BUILT_PRODUCTS_DIR; };
		CC39239027660FF800A086D3 /* AppDelegate.swift */ = {isa = PBXFileReference; lastKnownFileType = sourcecode.swift; path = AppDelegate.swift; sourceTree = "<group>"; };
		CC39239227660FF800A086D3 /* SceneDelegate.swift */ = {isa = PBXFileReference; lastKnownFileType = sourcecode.swift; path = SceneDelegate.swift; sourceTree = "<group>"; };
		CC39239727660FF800A086D3 /* Base */ = {isa = PBXFileReference; lastKnownFileType = file.storyboard; name = Base; path = Base.lproj/Main.storyboard; sourceTree = "<group>"; };
		CC39239927660FFA00A086D3 /* Assets.xcassets */ = {isa = PBXFileReference; lastKnownFileType = folder.assetcatalog; path = Assets.xcassets; sourceTree = "<group>"; };
		CC39239C27660FFA00A086D3 /* Base */ = {isa = PBXFileReference; lastKnownFileType = file.storyboard; name = Base; path = Base.lproj/LaunchScreen.storyboard; sourceTree = "<group>"; };
		CC39239E27660FFA00A086D3 /* Info.plist */ = {isa = PBXFileReference; lastKnownFileType = text.plist.xml; path = Info.plist; sourceTree = "<group>"; };
		CC3923A327660FFA00A086D3 /* BucketListTests.xctest */ = {isa = PBXFileReference; explicitFileType = wrapper.cfbundle; includeInIndex = 0; path = BucketListTests.xctest; sourceTree = BUILT_PRODUCTS_DIR; };
		CC3923A727660FFA00A086D3 /* BucketListTests.swift */ = {isa = PBXFileReference; lastKnownFileType = sourcecode.swift; path = BucketListTests.swift; sourceTree = "<group>"; };
		CC3923AD27660FFA00A086D3 /* BucketListUITests.xctest */ = {isa = PBXFileReference; explicitFileType = wrapper.cfbundle; includeInIndex = 0; path = BucketListUITests.xctest; sourceTree = BUILT_PRODUCTS_DIR; };
		CC3923B127660FFA00A086D3 /* BucketListUITests.swift */ = {isa = PBXFileReference; lastKnownFileType = sourcecode.swift; path = BucketListUITests.swift; sourceTree = "<group>"; };
		CC3923B327660FFA00A086D3 /* BucketListUITestsLaunchTests.swift */ = {isa = PBXFileReference; lastKnownFileType = sourcecode.swift; path = BucketListUITestsLaunchTests.swift; sourceTree = "<group>"; };
		CC3923C0276610E200A086D3 /* BucketListTableViewController.swift */ = {isa = PBXFileReference; lastKnownFileType = sourcecode.swift; path = BucketListTableViewController.swift; sourceTree = "<group>"; };
		CC3923C327661A4F00A086D3 /* AddItemTableViewController.swift */ = {isa = PBXFileReference; lastKnownFileType = sourcecode.swift; path = AddItemTableViewController.swift; sourceTree = "<group>"; };
		CC3923C82767237600A086D3 /* AddItemTableViewControllerDelegate.swift */ = {isa = PBXFileReference; lastKnownFileType = sourcecode.swift; path = AddItemTableViewControllerDelegate.swift; sourceTree = "<group>"; };
		CC3923CA27675DE300A086D3 /* SegueIdentifiers.swift */ = {isa = PBXFileReference; lastKnownFileType = sourcecode.swift; path = SegueIdentifiers.swift; sourceTree = "<group>"; };
		CC392463276895E800A086D3 /* BucketList.xcdatamodel */ = {isa = PBXFileReference; lastKnownFileType = wrapper.xcdatamodel; path = BucketList.xcdatamodel; sourceTree = "<group>"; };
		CC3924652768964300A086D3 /* BucketListItems+CoreDataClass.swift */ = {isa = PBXFileReference; lastKnownFileType = sourcecode.swift; path = "BucketListItems+CoreDataClass.swift"; sourceTree = "<group>"; };
		CC3924662768964300A086D3 /* BucketListItems+CoreDataProperties.swift */ = {isa = PBXFileReference; lastKnownFileType = sourcecode.swift; path = "BucketListItems+CoreDataProperties.swift"; sourceTree = "<group>"; };
/* End PBXFileReference section */

/* Begin PBXFrameworksBuildPhase section */
		CC39238A27660FF800A086D3 /* Frameworks */ = {
			isa = PBXFrameworksBuildPhase;
			buildActionMask = 2147483647;
			files = (
			);
			runOnlyForDeploymentPostprocessing = 0;
		};
		CC3923A027660FFA00A086D3 /* Frameworks */ = {
			isa = PBXFrameworksBuildPhase;
			buildActionMask = 2147483647;
			files = (
			);
			runOnlyForDeploymentPostprocessing = 0;
		};
		CC3923AA27660FFA00A086D3 /* Frameworks */ = {
			isa = PBXFrameworksBuildPhase;
			buildActionMask = 2147483647;
			files = (
			);
			runOnlyForDeploymentPostprocessing = 0;
		};
/* End PBXFrameworksBuildPhase section */

/* Begin PBXGroup section */
		CC39238427660FF800A086D3 = {
			isa = PBXGroup;
			children = (
				CC39238F27660FF800A086D3 /* BucketList */,
				CC3923A627660FFA00A086D3 /* BucketListTests */,
				CC3923B027660FFA00A086D3 /* BucketListUITests */,
				CC39238E27660FF800A086D3 /* Products */,
			);
			sourceTree = "<group>";
		};
		CC39238E27660FF800A086D3 /* Products */ = {
			isa = PBXGroup;
			children = (
				CC39238D27660FF800A086D3 /* BucketList.app */,
				CC3923A327660FFA00A086D3 /* BucketListTests.xctest */,
				CC3923AD27660FFA00A086D3 /* BucketListUITests.xctest */,
			);
			name = Products;
			sourceTree = "<group>";
		};
		CC39238F27660FF800A086D3 /* BucketList */ = {
			isa = PBXGroup;
			children = (
				CC3924692768964B00A086D3 /* CoreDataModels */,
				CC3923C52766293000A086D3 /* models */,
				CC3923C227661A1900A086D3 /* Controllers */,
				CC39239027660FF800A086D3 /* AppDelegate.swift */,
				CC39239227660FF800A086D3 /* SceneDelegate.swift */,
				CC39239627660FF800A086D3 /* Main.storyboard */,
				CC39239927660FFA00A086D3 /* Assets.xcassets */,
				CC39239B27660FFA00A086D3 /* LaunchScreen.storyboard */,
				CC39239E27660FFA00A086D3 /* Info.plist */,
				CC392462276895E800A086D3 /* BucketList.xcdatamodeld */,
			);
			path = BucketList;
			sourceTree = "<group>";
		};
		CC3923A627660FFA00A086D3 /* BucketListTests */ = {
			isa = PBXGroup;
			children = (
				CC3923A727660FFA00A086D3 /* BucketListTests.swift */,
			);
			path = BucketListTests;
			sourceTree = "<group>";
		};
		CC3923B027660FFA00A086D3 /* BucketListUITests */ = {
			isa = PBXGroup;
			children = (
				CC3923B127660FFA00A086D3 /* BucketListUITests.swift */,
				CC3923B327660FFA00A086D3 /* BucketListUITestsLaunchTests.swift */,
			);
			path = BucketListUITests;
			sourceTree = "<group>";
		};
		CC3923C227661A1900A086D3 /* Controllers */ = {
			isa = PBXGroup;
			children = (
				CC3923C0276610E200A086D3 /* BucketListTableViewController.swift */,
				CC3923C327661A4F00A086D3 /* AddItemTableViewController.swift */,
			);
			path = Controllers;
			sourceTree = "<group>";
		};
		CC3923C52766293000A086D3 /* models */ = {
			isa = PBXGroup;
			children = (
				CC3923C82767237600A086D3 /* AddItemTableViewControllerDelegate.swift */,
				CC3923CA27675DE300A086D3 /* SegueIdentifiers.swift */,
			);
			path = models;
			sourceTree = "<group>";
		};
		CC3924692768964B00A086D3 /* CoreDataModels */ = {
			isa = PBXGroup;
			children = (
				CC3924652768964300A086D3 /* BucketListItems+CoreDataClass.swift */,
				CC3924662768964300A086D3 /* BucketListItems+CoreDataProperties.swift */,
			);
			path = CoreDataModels;
			sourceTree = "<group>";
		};
/* End PBXGroup section */

/* Begin PBXNativeTarget section */
		CC39238C27660FF800A086D3 /* BucketList */ = {
			isa = PBXNativeTarget;
			buildConfigurationList = CC3923B727660FFA00A086D3 /* Build configuration list for PBXNativeTarget "BucketList" */;
			buildPhases = (
				CC39238927660FF800A086D3 /* Sources */,
				CC39238A27660FF800A086D3 /* Frameworks */,
				CC39238B27660FF800A086D3 /* Resources */,
			);
			buildRules = (
			);
			dependencies = (
			);
			name = BucketList;
			productName = BucketList;
			productReference = CC39238D27660FF800A086D3 /* BucketList.app */;
			productType = "com.apple.product-type.application";
		};
		CC3923A227660FFA00A086D3 /* BucketListTests */ = {
			isa = PBXNativeTarget;
			buildConfigurationList = CC3923BA27660FFA00A086D3 /* Build configuration list for PBXNativeTarget "BucketListTests" */;
			buildPhases = (
				CC39239F27660FFA00A086D3 /* Sources */,
				CC3923A027660FFA00A086D3 /* Frameworks */,
				CC3923A127660FFA00A086D3 /* Resources */,
			);
			buildRules = (
			);
			dependencies = (
				CC3923A527660FFA00A086D3 /* PBXTargetDependency */,
			);
			name = BucketListTests;
			productName = BucketListTests;
			productReference = CC3923A327660FFA00A086D3 /* BucketListTests.xctest */;
			productType = "com.apple.product-type.bundle.unit-test";
		};
		CC3923AC27660FFA00A086D3 /* BucketListUITests */ = {
			isa = PBXNativeTarget;
			buildConfigurationList = CC3923BD27660FFA00A086D3 /* Build configuration list for PBXNativeTarget "BucketListUITests" */;
			buildPhases = (
				CC3923A927660FFA00A086D3 /* Sources */,
				CC3923AA27660FFA00A086D3 /* Frameworks */,
				CC3923AB27660FFA00A086D3 /* Resources */,
			);
			buildRules = (
			);
			dependencies = (
				CC3923AF27660FFA00A086D3 /* PBXTargetDependency */,
			);
			name = BucketListUITests;
			productName = BucketListUITests;
			productReference = CC3923AD27660FFA00A086D3 /* BucketListUITests.xctest */;
			productType = "com.apple.product-type.bundle.ui-testing";
		};
/* End PBXNativeTarget section */

/* Begin PBXProject section */
		CC39238527660FF800A086D3 /* Project object */ = {
			isa = PBXProject;
			attributes = {
				BuildIndependentTargetsInParallel = 1;
				LastSwiftUpdateCheck = 1310;
				LastUpgradeCheck = 1310;
				TargetAttributes = {
					CC39238C27660FF800A086D3 = {
						CreatedOnToolsVersion = 13.1;
					};
					CC3923A227660FFA00A086D3 = {
						CreatedOnToolsVersion = 13.1;
						TestTargetID = CC39238C27660FF800A086D3;
					};
					CC3923AC27660FFA00A086D3 = {
						CreatedOnToolsVersion = 13.1;
						TestTargetID = CC39238C27660FF800A086D3;
					};
				};
			};
			buildConfigurationList = CC39238827660FF800A086D3 /* Build configuration list for PBXProject "BucketList" */;
			compatibilityVersion = "Xcode 13.0";
			developmentRegion = en;
			hasScannedForEncodings = 0;
			knownRegions = (
				en,
				Base,
			);
			mainGroup = CC39238427660FF800A086D3;
			productRefGroup = CC39238E27660FF800A086D3 /* Products */;
			projectDirPath = "";
			projectRoot = "";
			targets = (
				CC39238C27660FF800A086D3 /* BucketList */,
				CC3923A227660FFA00A086D3 /* BucketListTests */,
				CC3923AC27660FFA00A086D3 /* BucketListUITests */,
			);
		};
/* End PBXProject section */

/* Begin PBXResourcesBuildPhase section */
		CC39238B27660FF800A086D3 /* Resources */ = {
			isa = PBXResourcesBuildPhase;
			buildActionMask = 2147483647;
			files = (
				CC39239D27660FFA00A086D3 /* LaunchScreen.storyboard in Resources */,
				CC39239A27660FFA00A086D3 /* Assets.xcassets in Resources */,
				CC39239827660FF800A086D3 /* Main.storyboard in Resources */,
			);
			runOnlyForDeploymentPostprocessing = 0;
		};
		CC3923A127660FFA00A086D3 /* Resources */ = {
			isa = PBXResourcesBuildPhase;
			buildActionMask = 2147483647;
			files = (
			);
			runOnlyForDeploymentPostprocessing = 0;
		};
		CC3923AB27660FFA00A086D3 /* Resources */ = {
			isa = PBXResourcesBuildPhase;
			buildActionMask = 2147483647;
			files = (
			);
			runOnlyForDeploymentPostprocessing = 0;
		};
/* End PBXResourcesBuildPhase section */

/* Begin PBXSourcesBuildPhase section */
		CC39238927660FF800A086D3 /* Sources */ = {
			isa = PBXSourcesBuildPhase;
			buildActionMask = 2147483647;
			files = (
				CC3924682768964300A086D3 /* BucketListItems+CoreDataProperties.swift in Sources */,
				CC3923CB27675DE300A086D3 /* SegueIdentifiers.swift in Sources */,
				CC3923C427661A4F00A086D3 /* AddItemTableViewController.swift in Sources */,
				CC39239127660FF800A086D3 /* AppDelegate.swift in Sources */,
				CC39239327660FF800A086D3 /* SceneDelegate.swift in Sources */,
				CC3923C1276610E200A086D3 /* BucketListTableViewController.swift in Sources */,
				CC3923C92767237600A086D3 /* AddItemTableViewControllerDelegate.swift in Sources */,
				CC3924672768964300A086D3 /* BucketListItems+CoreDataClass.swift in Sources */,
				CC392464276895E800A086D3 /* BucketList.xcdatamodeld in Sources */,
			);
			runOnlyForDeploymentPostprocessing = 0;
		};
		CC39239F27660FFA00A086D3 /* Sources */ = {
			isa = PBXSourcesBuildPhase;
			buildActionMask = 2147483647;
			files = (
				CC3923A827660FFA00A086D3 /* BucketListTests.swift in Sources */,
			);
			runOnlyForDeploymentPostprocessing = 0;
		};
		CC3923A927660FFA00A086D3 /* Sources */ = {
			isa = PBXSourcesBuildPhase;
			buildActionMask = 2147483647;
			files = (
				CC3923B427660FFA00A086D3 /* BucketListUITestsLaunchTests.swift in Sources */,
				CC3923B227660FFA00A086D3 /* BucketListUITests.swift in Sources */,
			);
			runOnlyForDeploymentPostprocessing = 0;
		};
/* End PBXSourcesBuildPhase section */

/* Begin PBXTargetDependency section */
		CC3923A527660FFA00A086D3 /* PBXTargetDependency */ = {
			isa = PBXTargetDependency;
			target = CC39238C27660FF800A086D3 /* BucketList */;
			targetProxy = CC3923A427660FFA00A086D3 /* PBXContainerItemProxy */;
		};
		CC3923AF27660FFA00A086D3 /* PBXTargetDependency */ = {
			isa = PBXTargetDependency;
			target = CC39238C27660FF800A086D3 /* BucketList */;
			targetProxy = CC3923AE27660FFA00A086D3 /* PBXContainerItemProxy */;
		};
/* End PBXTargetDependency section */

/* Begin PBXVariantGroup section */
		CC39239627660FF800A086D3 /* Main.storyboard */ = {
			isa = PBXVariantGroup;
			children = (
				CC39239727660FF800A086D3 /* Base */,
			);
			name = Main.storyboard;
			sourceTree = "<group>";
		};
		CC39239B27660FFA00A086D3 /* LaunchScreen.storyboard */ = {
			isa = PBXVariantGroup;
			children = (
				CC39239C27660FFA00A086D3 /* Base */,
			);
			name = LaunchScreen.storyboard;
			sourceTree = "<group>";
		};
/* End PBXVariantGroup section */

/* Begin XCBuildConfiguration section */
		CC3923B527660FFA00A086D3 /* Debug */ = {
			isa = XCBuildConfiguration;
			buildSettings = {
				ALWAYS_SEARCH_USER_PATHS = NO;
				CLANG_ANALYZER_NONNULL = YES;
				CLANG_ANALYZER_NUMBER_OBJECT_CONVERSION = YES_AGGRESSIVE;
				CLANG_CXX_LANGUAGE_STANDARD = "gnu++17";
				CLANG_CXX_LIBRARY = "libc++";
				CLANG_ENABLE_MODULES = YES;
				CLANG_ENABLE_OBJC_ARC = YES;
				CLANG_ENABLE_OBJC_WEAK = YES;
				CLANG_WARN_BLOCK_CAPTURE_AUTORELEASING = YES;
				CLANG_WARN_BOOL_CONVERSION = YES;
				CLANG_WARN_COMMA = YES;
				CLANG_WARN_CONSTANT_CONVERSION = YES;
				CLANG_WARN_DEPRECATED_OBJC_IMPLEMENTATIONS = YES;
				CLANG_WARN_DIRECT_OBJC_ISA_USAGE = YES_ERROR;
				CLANG_WARN_DOCUMENTATION_COMMENTS = YES;
				CLANG_WARN_EMPTY_BODY = YES;
				CLANG_WARN_ENUM_CONVERSION = YES;
				CLANG_WARN_INFINITE_RECURSION = YES;
				CLANG_WARN_INT_CONVERSION = YES;
				CLANG_WARN_NON_LITERAL_NULL_CONVERSION = YES;
				CLANG_WARN_OBJC_IMPLICIT_RETAIN_SELF = YES;
				CLANG_WARN_OBJC_LITERAL_CONVERSION = YES;
				CLANG_WARN_OBJC_ROOT_CLASS = YES_ERROR;
				CLANG_WARN_QUOTED_INCLUDE_IN_FRAMEWORK_HEADER = YES;
				CLANG_WARN_RANGE_LOOP_ANALYSIS = YES;
				CLANG_WARN_STRICT_PROTOTYPES = YES;
				CLANG_WARN_SUSPICIOUS_MOVE = YES;
				CLANG_WARN_UNGUARDED_AVAILABILITY = YES_AGGRESSIVE;
				CLANG_WARN_UNREACHABLE_CODE = YES;
				CLANG_WARN__DUPLICATE_METHOD_MATCH = YES;
				COPY_PHASE_STRIP = NO;
				DEBUG_INFORMATION_FORMAT = dwarf;
				ENABLE_STRICT_OBJC_MSGSEND = YES;
				ENABLE_TESTABILITY = YES;
				GCC_C_LANGUAGE_STANDARD = gnu11;
				GCC_DYNAMIC_NO_PIC = NO;
				GCC_NO_COMMON_BLOCKS = YES;
				GCC_OPTIMIZATION_LEVEL = 0;
				GCC_PREPROCESSOR_DEFINITIONS = (
					"DEBUG=1",
					"$(inherited)",
				);
				GCC_WARN_64_TO_32_BIT_CONVERSION = YES;
				GCC_WARN_ABOUT_RETURN_TYPE = YES_ERROR;
				GCC_WARN_UNDECLARED_SELECTOR = YES;
				GCC_WARN_UNINITIALIZED_AUTOS = YES_AGGRESSIVE;
				GCC_WARN_UNUSED_FUNCTION = YES;
				GCC_WARN_UNUSED_VARIABLE = YES;
				IPHONEOS_DEPLOYMENT_TARGET = 15.0;
				MTL_ENABLE_DEBUG_INFO = INCLUDE_SOURCE;
				MTL_FAST_MATH = YES;
				ONLY_ACTIVE_ARCH = YES;
				SDKROOT = iphoneos;
				SWIFT_ACTIVE_COMPILATION_CONDITIONS = DEBUG;
				SWIFT_OPTIMIZATION_LEVEL = "-Onone";
			};
			name = Debug;
		};
		CC3923B627660FFA00A086D3 /* Release */ = {
			isa = XCBuildConfiguration;
			buildSettings = {
				ALWAYS_SEARCH_USER_PATHS = NO;
				CLANG_ANALYZER_NONNULL = YES;
				CLANG_ANALYZER_NUMBER_OBJECT_CONVERSION = YES_AGGRESSIVE;
				CLANG_CXX_LANGUAGE_STANDARD = "gnu++17";
				CLANG_CXX_LIBRARY = "libc++";
				CLANG_ENABLE_MODULES = YES;
				CLANG_ENABLE_OBJC_ARC = YES;
				CLANG_ENABLE_OBJC_WEAK = YES;
				CLANG_WARN_BLOCK_CAPTURE_AUTORELEASING = YES;
				CLANG_WARN_BOOL_CONVERSION = YES;
				CLANG_WARN_COMMA = YES;
				CLANG_WARN_CONSTANT_CONVERSION = YES;
				CLANG_WARN_DEPRECATED_OBJC_IMPLEMENTATIONS = YES;
				CLANG_WARN_DIRECT_OBJC_ISA_USAGE = YES_ERROR;
				CLANG_WARN_DOCUMENTATION_COMMENTS = YES;
				CLANG_WARN_EMPTY_BODY = YES;
				CLANG_WARN_ENUM_CONVERSION = YES;
				CLANG_WARN_INFINITE_RECURSION = YES;
				CLANG_WARN_INT_CONVERSION = YES;
				CLANG_WARN_NON_LITERAL_NULL_CONVERSION = YES;
				CLANG_WARN_OBJC_IMPLICIT_RETAIN_SELF = YES;
				CLANG_WARN_OBJC_LITERAL_CONVERSION = YES;
				CLANG_WARN_OBJC_ROOT_CLASS = YES_ERROR;
				CLANG_WARN_QUOTED_INCLUDE_IN_FRAMEWORK_HEADER = YES;
				CLANG_WARN_RANGE_LOOP_ANALYSIS = YES;
				CLANG_WARN_STRICT_PROTOTYPES = YES;
				CLANG_WARN_SUSPICIOUS_MOVE = YES;
				CLANG_WARN_UNGUARDED_AVAILABILITY = YES_AGGRESSIVE;
				CLANG_WARN_UNREACHABLE_CODE = YES;
				CLANG_WARN__DUPLICATE_METHOD_MATCH = YES;
				COPY_PHASE_STRIP = NO;
				DEBUG_INFORMATION_FORMAT = "dwarf-with-dsym";
				ENABLE_NS_ASSERTIONS = NO;
				ENABLE_STRICT_OBJC_MSGSEND = YES;
				GCC_C_LANGUAGE_STANDARD = gnu11;
				GCC_NO_COMMON_BLOCKS = YES;
				GCC_WARN_64_TO_32_BIT_CONVERSION = YES;
				GCC_WARN_ABOUT_RETURN_TYPE = YES_ERROR;
				GCC_WARN_UNDECLARED_SELECTOR = YES;
				GCC_WARN_UNINITIALIZED_AUTOS = YES_AGGRESSIVE;
				GCC_WARN_UNUSED_FUNCTION = YES;
				GCC_WARN_UNUSED_VARIABLE = YES;
				IPHONEOS_DEPLOYMENT_TARGET = 15.0;
				MTL_ENABLE_DEBUG_INFO = NO;
				MTL_FAST_MATH = YES;
				SDKROOT = iphoneos;
				SWIFT_COMPILATION_MODE = wholemodule;
				SWIFT_OPTIMIZATION_LEVEL = "-O";
				VALIDATE_PRODUCT = YES;
			};
			name = Release;
		};
		CC3923B827660FFA00A086D3 /* Debug */ = {
			isa = XCBuildConfiguration;
			buildSettings = {
				ASSETCATALOG_COMPILER_APPICON_NAME = AppIcon;
				ASSETCATALOG_COMPILER_GLOBAL_ACCENT_COLOR_NAME = AccentColor;
				CODE_SIGN_STYLE = Automatic;
				CURRENT_PROJECT_VERSION = 1;
				DEVELOPMENT_TEAM = YSX47LJT9G;
				GENERATE_INFOPLIST_FILE = YES;
				INFOPLIST_FILE = BucketList/Info.plist;
				INFOPLIST_KEY_UIApplicationSupportsIndirectInputEvents = YES;
				INFOPLIST_KEY_UILaunchStoryboardName = LaunchScreen;
				INFOPLIST_KEY_UIMainStoryboardFile = Main;
				INFOPLIST_KEY_UISupportedInterfaceOrientations_iPad = "UIInterfaceOrientationPortrait UIInterfaceOrientationPortraitUpsideDown UIInterfaceOrientationLandscapeLeft UIInterfaceOrientationLandscapeRight";
				INFOPLIST_KEY_UISupportedInterfaceOrientations_iPhone = "UIInterfaceOrientationPortrait UIInterfaceOrientationLandscapeLeft UIInterfaceOrientationLandscapeRight";
				LD_RUNPATH_SEARCH_PATHS = (
					"$(inherited)",
					"@executable_path/Frameworks",
				);
				MARKETING_VERSION = 1.0;
				PRODUCT_BUNDLE_IDENTIFIER = wishStar.BucketList;
				PRODUCT_NAME = "$(TARGET_NAME)";
				SWIFT_EMIT_LOC_STRINGS = YES;
				SWIFT_VERSION = 5.0;
				TARGETED_DEVICE_FAMILY = "1,2";
			};
			name = Debug;
		};
		CC3923B927660FFA00A086D3 /* Release */ = {
			isa = XCBuildConfiguration;
			buildSettings = {
				ASSETCATALOG_COMPILER_APPICON_NAME = AppIcon;
				ASSETCATALOG_COMPILER_GLOBAL_ACCENT_COLOR_NAME = AccentColor;
				CODE_SIGN_STYLE = Automatic;
				CURRENT_PROJECT_VERSION = 1;
				DEVELOPMENT_TEAM = YSX47LJT9G;
				GENERATE_INFOPLIST_FILE = YES;
				INFOPLIST_FILE = BucketList/Info.plist;
				INFOPLIST_KEY_UIApplicationSupportsIndirectInputEvents = YES;
				INFOPLIST_KEY_UILaunchStoryboardName = LaunchScreen;
				INFOPLIST_KEY_UIMainStoryboardFile = Main;
				INFOPLIST_KEY_UISupportedInterfaceOrientations_iPad = "UIInterfaceOrientationPortrait UIInterfaceOrientationPortraitUpsideDown UIInterfaceOrientationLandscapeLeft UIInterfaceOrientationLandscapeRight";
				INFOPLIST_KEY_UISupportedInterfaceOrientations_iPhone = "UIInterfaceOrientationPortrait UIInterfaceOrientationLandscapeLeft UIInterfaceOrientationLandscapeRight";
				LD_RUNPATH_SEARCH_PATHS = (
					"$(inherited)",
					"@executable_path/Frameworks",
				);
				MARKETING_VERSION = 1.0;
				PRODUCT_BUNDLE_IDENTIFIER = wishStar.BucketList;
				PRODUCT_NAME = "$(TARGET_NAME)";
				SWIFT_EMIT_LOC_STRINGS = YES;
				SWIFT_VERSION = 5.0;
				TARGETED_DEVICE_FAMILY = "1,2";
			};
			name = Release;
		};
		CC3923BB27660FFA00A086D3 /* Debug */ = {
			isa = XCBuildConfiguration;
			buildSettings = {
				ALWAYS_EMBED_SWIFT_STANDARD_LIBRARIES = YES;
				BUNDLE_LOADER = "$(TEST_HOST)";
				CODE_SIGN_STYLE = Automatic;
				CURRENT_PROJECT_VERSION = 1;
				DEVELOPMENT_TEAM = YSX47LJT9G;
				GENERATE_INFOPLIST_FILE = YES;
				IPHONEOS_DEPLOYMENT_TARGET = 15.0;
				LD_RUNPATH_SEARCH_PATHS = (
					"$(inherited)",
					"@executable_path/Frameworks",
					"@loader_path/Frameworks",
				);
				MARKETING_VERSION = 1.0;
				PRODUCT_BUNDLE_IDENTIFIER = wishStar.BucketListTests;
				PRODUCT_NAME = "$(TARGET_NAME)";
				SWIFT_EMIT_LOC_STRINGS = NO;
				SWIFT_VERSION = 5.0;
				TARGETED_DEVICE_FAMILY = "1,2";
				TEST_HOST = "$(BUILT_PRODUCTS_DIR)/BucketList.app/BucketList";
			};
			name = Debug;
		};
		CC3923BC27660FFA00A086D3 /* Release */ = {
			isa = XCBuildConfiguration;
			buildSettings = {
				ALWAYS_EMBED_SWIFT_STANDARD_LIBRARIES = YES;
				BUNDLE_LOADER = "$(TEST_HOST)";
				CODE_SIGN_STYLE = Automatic;
				CURRENT_PROJECT_VERSION = 1;
				DEVELOPMENT_TEAM = YSX47LJT9G;
				GENERATE_INFOPLIST_FILE = YES;
				IPHONEOS_DEPLOYMENT_TARGET = 15.0;
				LD_RUNPATH_SEARCH_PATHS = (
					"$(inherited)",
					"@executable_path/Frameworks",
					"@loader_path/Frameworks",
				);
				MARKETING_VERSION = 1.0;
				PRODUCT_BUNDLE_IDENTIFIER = wishStar.BucketListTests;
				PRODUCT_NAME = "$(TARGET_NAME)";
				SWIFT_EMIT_LOC_STRINGS = NO;
				SWIFT_VERSION = 5.0;
				TARGETED_DEVICE_FAMILY = "1,2";
				TEST_HOST = "$(BUILT_PRODUCTS_DIR)/BucketList.app/BucketList";
			};
			name = Release;
		};
		CC3923BE27660FFA00A086D3 /* Debug */ = {
			isa = XCBuildConfiguration;
			buildSettings = {
				ALWAYS_EMBED_SWIFT_STANDARD_LIBRARIES = YES;
				CODE_SIGN_STYLE = Automatic;
				CURRENT_PROJECT_VERSION = 1;
				DEVELOPMENT_TEAM = YSX47LJT9G;
				GENERATE_INFOPLIST_FILE = YES;
				LD_RUNPATH_SEARCH_PATHS = (
					"$(inherited)",
					"@executable_path/Frameworks",
					"@loader_path/Frameworks",
				);
				MARKETING_VERSION = 1.0;
				PRODUCT_BUNDLE_IDENTIFIER = wishStar.BucketListUITests;
				PRODUCT_NAME = "$(TARGET_NAME)";
				SWIFT_EMIT_LOC_STRINGS = NO;
				SWIFT_VERSION = 5.0;
				TARGETED_DEVICE_FAMILY = "1,2";
				TEST_TARGET_NAME = BucketList;
			};
			name = Debug;
		};
		CC3923BF27660FFA00A086D3 /* Release */ = {
			isa = XCBuildConfiguration;
			buildSettings = {
				ALWAYS_EMBED_SWIFT_STANDARD_LIBRARIES = YES;
				CODE_SIGN_STYLE = Automatic;
				CURRENT_PROJECT_VERSION = 1;
				DEVELOPMENT_TEAM = YSX47LJT9G;
				GENERATE_INFOPLIST_FILE = YES;
				LD_RUNPATH_SEARCH_PATHS = (
					"$(inherited)",
					"@executable_path/Frameworks",
					"@loader_path/Frameworks",
				);
				MARKETING_VERSION = 1.0;
				PRODUCT_BUNDLE_IDENTIFIER = wishStar.BucketListUITests;
				PRODUCT_NAME = "$(TARGET_NAME)";
				SWIFT_EMIT_LOC_STRINGS = NO;
				SWIFT_VERSION = 5.0;
				TARGETED_DEVICE_FAMILY = "1,2";
				TEST_TARGET_NAME = BucketList;
			};
			name = Release;
		};
/* End XCBuildConfiguration section */

/* Begin XCConfigurationList section */
		CC39238827660FF800A086D3 /* Build configuration list for PBXProject "BucketList" */ = {
			isa = XCConfigurationList;
			buildConfigurations = (
				CC3923B527660FFA00A086D3 /* Debug */,
				CC3923B627660FFA00A086D3 /* Release */,
			);
			defaultConfigurationIsVisible = 0;
			defaultConfigurationName = Release;
		};
		CC3923B727660FFA00A086D3 /* Build configuration list for PBXNativeTarget "BucketList" */ = {
			isa = XCConfigurationList;
			buildConfigurations = (
				CC3923B827660FFA00A086D3 /* Debug */,
				CC3923B927660FFA00A086D3 /* Release */,
			);
			defaultConfigurationIsVisible = 0;
			defaultConfigurationName = Release;
		};
		CC3923BA27660FFA00A086D3 /* Build configuration list for PBXNativeTarget "BucketListTests" */ = {
			isa = XCConfigurationList;
			buildConfigurations = (
				CC3923BB27660FFA00A086D3 /* Debug */,
				CC3923BC27660FFA00A086D3 /* Release */,
			);
			defaultConfigurationIsVisible = 0;
			defaultConfigurationName = Release;
		};
		CC3923BD27660FFA00A086D3 /* Build configuration list for PBXNativeTarget "BucketListUITests" */ = {
			isa = XCConfigurationList;
			buildConfigurations = (
				CC3923BE27660FFA00A086D3 /* Debug */,
				CC3923BF27660FFA00A086D3 /* Release */,
			);
			defaultConfigurationIsVisible = 0;
			defaultConfigurationName = Release;
		};
/* End XCConfigurationList section */

/* Begin XCVersionGroup section */
		CC392462276895E800A086D3 /* BucketList.xcdatamodeld */ = {
			isa = XCVersionGroup;
			children = (
				CC392463276895E800A086D3 /* BucketList.xcdatamodel */,
			);
			currentVersion = CC392463276895E800A086D3 /* BucketList.xcdatamodel */;
			path = BucketList.xcdatamodeld;
			sourceTree = "<group>";
			versionGroupType = wrapper.xcdatamodel;
		};
/* End XCVersionGroup section */
	};
	rootObject = CC39238527660FF800A086D3 /* Project object */;
}
